
Microsoft Visual Studio Solution File, Format Version 12.00
# Visual Studio Version 16
VisualStudioVersion = 16.0.29709.97
MinimumVisualStudioVersion = 10.0.40219.1
Project("{FAE04EC0-301F-11D3-BF4B-00C04F79EFBC}") = "Marihub Task", "Marihub Task\Marihub Task.csproj", "{49633650-9C38-4DBB-B1F9-B5959659CC88}"
EndProject
Global
	GlobalSection(SolutionConfigurationPlatforms) = preSolution
		Debug|Any CPU = Debug|Any CPU
		Release|Any CPU = Release|Any CPU
	EndGlobalSection
	GlobalSection(ProjectConfigurationPlatforms) = postSolution
		{49633650-9C38-4DBB-B1F9-B5959659CC88}.Debug|Any CPU.ActiveCfg = Debug|Any CPU
		{49633650-9C38-4DBB-B1F9-B5959659CC88}.Debug|Any CPU.Build.0 = Debug|Any CPU
		{49633650-9C38-4DBB-B1F9-B5959659CC88}.Release|Any CPU.ActiveCfg = Release|Any CPU
		{49633650-9C38-4DBB-B1F9-B5959659CC88}.Release|Any CPU.Build.0 = Release|Any CPU
	EndGlobalSection
	GlobalSection(SolutionProperties) = preSolution
		HideSolutionNode = FALSE
	EndGlobalSection
	GlobalSection(ExtensibilityGlobals) = postSolution
		SolutionGuid = {26D12EC8-473B-479B-8D3A-5AD9B3FD9C22}
	EndGlobalSection
EndGlobal
